// !$*UTF8*$!
{
	archiveVersion = 1;
	classes = {
	};
	objectVersion = 56;
	objects = {

/* Begin PBXBuildFile section */
		6164AF692A8254040079B5CA /* NoteApp.swift in Sources */ = {isa = PBXBuildFile; fileRef = 6164AF682A8254040079B5CA /* NoteApp.swift */; };
		6164AF6B2A8254040079B5CA /* ContentView.swift in Sources */ = {isa = PBXBuildFile; fileRef = 6164AF6A2A8254040079B5CA /* ContentView.swift */; };
		6164AF6D2A8254060079B5CA /* Assets.xcassets in Resources */ = {isa = PBXBuildFile; fileRef = 6164AF6C2A8254060079B5CA /* Assets.xcassets */; };
		6164AF702A8254060079B5CA /* Preview Assets.xcassets in Resources */ = {isa = PBXBuildFile; fileRef = 6164AF6F2A8254060079B5CA /* Preview Assets.xcassets */; };
		6164AF7A2A8254060079B5CA /* NoteAppTests.swift in Sources */ = {isa = PBXBuildFile; fileRef = 6164AF792A8254060079B5CA /* NoteAppTests.swift */; };
		6164AF942A8256AF0079B5CA /* Note.swift in Sources */ = {isa = PBXBuildFile; fileRef = 6164AF932A8256AF0079B5CA /* Note.swift */; };
		6164AF982A82581D0079B5CA /* ContextManager.swift in Sources */ = {isa = PBXBuildFile; fileRef = 6164AF972A82581D0079B5CA /* ContextManager.swift */; };
		6164AF9A2A825C7D0079B5CA /* ListView.swift in Sources */ = {isa = PBXBuildFile; fileRef = 6164AF992A825C7D0079B5CA /* ListView.swift */; };
		6164AF9C2A825D7B0079B5CA /* ListNoteCell.swift in Sources */ = {isa = PBXBuildFile; fileRef = 6164AF9B2A825D7B0079B5CA /* ListNoteCell.swift */; };
		6164AF9E2A825E530079B5CA /* NoteDetailView.swift in Sources */ = {isa = PBXBuildFile; fileRef = 6164AF9D2A825E530079B5CA /* NoteDetailView.swift */; };
		6164AFA02A827C630079B5CA /* NetworkManager.swift in Sources */ = {isa = PBXBuildFile; fileRef = 6164AF9F2A827C620079B5CA /* NetworkManager.swift */; };
		6164AFA32A827CD60079B5CA /* URLRequest+Utils.swift in Sources */ = {isa = PBXBuildFile; fileRef = 6164AFA22A827CD60079B5CA /* URLRequest+Utils.swift */; };
		6164AFA82A8281050079B5CA /* NoteResponse.swift in Sources */ = {isa = PBXBuildFile; fileRef = 6164AFA72A8281050079B5CA /* NoteResponse.swift */; };
		6164AFAB2A82AB380079B5CA /* Context.swift in Sources */ = {isa = PBXBuildFile; fileRef = 6164AFAA2A82AB380079B5CA /* Context.swift */; };
/* End PBXBuildFile section */

/* Begin PBXContainerItemProxy section */
		6164AF762A8254060079B5CA /* PBXContainerItemProxy */ = {
			isa = PBXContainerItemProxy;
			containerPortal = 6164AF5D2A8254040079B5CA /* Project object */;
			proxyType = 1;
			remoteGlobalIDString = 6164AF642A8254040079B5CA;
			remoteInfo = NoteApp;
		};
/* End PBXContainerItemProxy section */

/* Begin PBXFileReference section */
		6164AF652A8254040079B5CA /* NoteApp.app */ = {isa = PBXFileReference; explicitFileType = wrapper.application; includeInIndex = 0; path = NoteApp.app; sourceTree = BUILT_PRODUCTS_DIR; };
		6164AF682A8254040079B5CA /* NoteApp.swift */ = {isa = PBXFileReference; lastKnownFileType = sourcecode.swift; path = NoteApp.swift; sourceTree = "<group>"; };
		6164AF6A2A8254040079B5CA /* ContentView.swift */ = {isa = PBXFileReference; lastKnownFileType = sourcecode.swift; path = ContentView.swift; sourceTree = "<group>"; };
		6164AF6C2A8254060079B5CA /* Assets.xcassets */ = {isa = PBXFileReference; lastKnownFileType = folder.assetcatalog; path = Assets.xcassets; sourceTree = "<group>"; };
		6164AF6F2A8254060079B5CA /* Preview Assets.xcassets */ = {isa = PBXFileReference; lastKnownFileType = folder.assetcatalog; path = "Preview Assets.xcassets"; sourceTree = "<group>"; };
		6164AF752A8254060079B5CA /* NoteAppTests.xctest */ = {isa = PBXFileReference; explicitFileType = wrapper.cfbundle; includeInIndex = 0; path = NoteAppTests.xctest; sourceTree = BUILT_PRODUCTS_DIR; };
		6164AF792A8254060079B5CA /* NoteAppTests.swift */ = {isa = PBXFileReference; lastKnownFileType = sourcecode.swift; path = NoteAppTests.swift; sourceTree = "<group>"; };
		6164AF932A8256AF0079B5CA /* Note.swift */ = {isa = PBXFileReference; lastKnownFileType = sourcecode.swift; path = Note.swift; sourceTree = "<group>"; };
		6164AF972A82581D0079B5CA /* ContextManager.swift */ = {isa = PBXFileReference; lastKnownFileType = sourcecode.swift; path = ContextManager.swift; sourceTree = "<group>"; };
		6164AF992A825C7D0079B5CA /* ListView.swift */ = {isa = PBXFileReference; lastKnownFileType = sourcecode.swift; path = ListView.swift; sourceTree = "<group>"; };
		6164AF9B2A825D7B0079B5CA /* ListNoteCell.swift */ = {isa = PBXFileReference; lastKnownFileType = sourcecode.swift; path = ListNoteCell.swift; sourceTree = "<group>"; };
		6164AF9D2A825E530079B5CA /* NoteDetailView.swift */ = {isa = PBXFileReference; lastKnownFileType = sourcecode.swift; path = NoteDetailView.swift; sourceTree = "<group>"; };
		6164AF9F2A827C620079B5CA /* NetworkManager.swift */ = {isa = PBXFileReference; lastKnownFileType = sourcecode.swift; path = NetworkManager.swift; sourceTree = "<group>"; };
		6164AFA22A827CD60079B5CA /* URLRequest+Utils.swift */ = {isa = PBXFileReference; lastKnownFileType = sourcecode.swift; path = "URLRequest+Utils.swift"; sourceTree = "<group>"; };
		6164AFA72A8281050079B5CA /* NoteResponse.swift */ = {isa = PBXFileReference; lastKnownFileType = sourcecode.swift; path = NoteResponse.swift; sourceTree = "<group>"; };
		6164AFAA2A82AB380079B5CA /* Context.swift */ = {isa = PBXFileReference; lastKnownFileType = sourcecode.swift; path = Context.swift; sourceTree = "<group>"; };
/* End PBXFileReference section */

/* Begin PBXFrameworksBuildPhase section */
		6164AF622A8254040079B5CA /* Frameworks */ = {
			isa = PBXFrameworksBuildPhase;
			buildActionMask = 2147483647;
			files = (
			);
			runOnlyForDeploymentPostprocessing = 0;
		};
		6164AF722A8254060079B5CA /* Frameworks */ = {
			isa = PBXFrameworksBuildPhase;
			buildActionMask = 2147483647;
			files = (
			);
			runOnlyForDeploymentPostprocessing = 0;
		};
/* End PBXFrameworksBuildPhase section */

/* Begin PBXGroup section */
		6164AF5C2A8254040079B5CA = {
			isa = PBXGroup;
			children = (
				6164AF672A8254040079B5CA /* NoteApp */,
				6164AF782A8254060079B5CA /* NoteAppTests */,
				6164AF662A8254040079B5CA /* Products */,
			);
			sourceTree = "<group>";
		};
		6164AF662A8254040079B5CA /* Products */ = {
			isa = PBXGroup;
			children = (
				6164AF652A8254040079B5CA /* NoteApp.app */,
				6164AF752A8254060079B5CA /* NoteAppTests.xctest */,
			);
			name = Products;
			sourceTree = "<group>";
		};
		6164AF672A8254040079B5CA /* NoteApp */ = {
			isa = PBXGroup;
			children = (
				6164AF682A8254040079B5CA /* NoteApp.swift */,
				6164AF952A8257920079B5CA /* Views */,
				6164AF922A82569E0079B5CA /* Model */,
				6164AF962A8257FE0079B5CA /* Managers */,
				6164AF6C2A8254060079B5CA /* Assets.xcassets */,
				6164AF6E2A8254060079B5CA /* Preview Content */,
			);
			path = NoteApp;
			sourceTree = "<group>";
		};
		6164AF6E2A8254060079B5CA /* Preview Content */ = {
			isa = PBXGroup;
			children = (
				6164AF6F2A8254060079B5CA /* Preview Assets.xcassets */,
			);
			path = "Preview Content";
			sourceTree = "<group>";
		};
		6164AF782A8254060079B5CA /* NoteAppTests */ = {
			isa = PBXGroup;
			children = (
				6164AF792A8254060079B5CA /* NoteAppTests.swift */,
			);
			path = NoteAppTests;
			sourceTree = "<group>";
		};
		6164AF922A82569E0079B5CA /* Model */ = {
			isa = PBXGroup;
			children = (
				6164AF932A8256AF0079B5CA /* Note.swift */,
			);
			path = Model;
			sourceTree = "<group>";
		};
		6164AF952A8257920079B5CA /* Views */ = {
			isa = PBXGroup;
			children = (
				6164AF6A2A8254040079B5CA /* ContentView.swift */,
				6164AF992A825C7D0079B5CA /* ListView.swift */,
				6164AF9B2A825D7B0079B5CA /* ListNoteCell.swift */,
				6164AF9D2A825E530079B5CA /* NoteDetailView.swift */,
			);
			path = Views;
			sourceTree = "<group>";
		};
		6164AF962A8257FE0079B5CA /* Managers */ = {
			isa = PBXGroup;
			children = (
				6164AFA52A827D2D0079B5CA /* Context */,
				6164AFA42A827D1D0079B5CA /* Network */,
			);
			path = Managers;
			sourceTree = "<group>";
		};
		6164AFA12A827CBA0079B5CA /* Utils */ = {
			isa = PBXGroup;
			children = (
				6164AFA22A827CD60079B5CA /* URLRequest+Utils.swift */,
			);
			path = Utils;
			sourceTree = "<group>";
		};
		6164AFA42A827D1D0079B5CA /* Network */ = {
			isa = PBXGroup;
			children = (
				6164AF9F2A827C620079B5CA /* NetworkManager.swift */,
				6164AFA62A8280E70079B5CA /* Model */,
				6164AFA12A827CBA0079B5CA /* Utils */,
			);
			path = Network;
			sourceTree = "<group>";
		};
		6164AFA52A827D2D0079B5CA /* Context */ = {
			isa = PBXGroup;
			children = (
				6164AF972A82581D0079B5CA /* ContextManager.swift */,
				6164AFA92A82921A0079B5CA /* Model */,
			);
			path = Context;
			sourceTree = "<group>";
		};
		6164AFA62A8280E70079B5CA /* Model */ = {
			isa = PBXGroup;
			children = (
				6164AFA72A8281050079B5CA /* NoteResponse.swift */,
			);
			path = Model;
			sourceTree = "<group>";
		};
		6164AFA92A82921A0079B5CA /* Model */ = {
			isa = PBXGroup;
			children = (
				6164AFAA2A82AB380079B5CA /* Context.swift */,
			);
			path = Model;
			sourceTree = "<group>";
		};
/* End PBXGroup section */

/* Begin PBXNativeTarget section */
		6164AF642A8254040079B5CA /* NoteApp */ = {
			isa = PBXNativeTarget;
			buildConfigurationList = 6164AF892A8254060079B5CA /* Build configuration list for PBXNativeTarget "NoteApp" */;
			buildPhases = (
				6164AF612A8254040079B5CA /* Sources */,
				6164AF622A8254040079B5CA /* Frameworks */,
				6164AF632A8254040079B5CA /* Resources */,
			);
			buildRules = (
			);
			dependencies = (
			);
			name = NoteApp;
			productName = NoteApp;
			productReference = 6164AF652A8254040079B5CA /* NoteApp.app */;
			productType = "com.apple.product-type.application";
		};
		6164AF742A8254060079B5CA /* NoteAppTests */ = {
			isa = PBXNativeTarget;
			buildConfigurationList = 6164AF8C2A8254060079B5CA /* Build configuration list for PBXNativeTarget "NoteAppTests" */;
			buildPhases = (
				6164AF712A8254060079B5CA /* Sources */,
				6164AF722A8254060079B5CA /* Frameworks */,
				6164AF732A8254060079B5CA /* Resources */,
			);
			buildRules = (
			);
			dependencies = (
				6164AF772A8254060079B5CA /* PBXTargetDependency */,
			);
			name = NoteAppTests;
			productName = NoteAppTests;
			productReference = 6164AF752A8254060079B5CA /* NoteAppTests.xctest */;
			productType = "com.apple.product-type.bundle.unit-test";
		};
/* End PBXNativeTarget section */

/* Begin PBXProject section */
		6164AF5D2A8254040079B5CA /* Project object */ = {
			isa = PBXProject;
			attributes = {
				BuildIndependentTargetsInParallel = 1;
				LastSwiftUpdateCheck = 1430;
				LastUpgradeCheck = 1430;
				TargetAttributes = {
					6164AF642A8254040079B5CA = {
						CreatedOnToolsVersion = 14.3.1;
					};
					6164AF742A8254060079B5CA = {
						CreatedOnToolsVersion = 14.3.1;
						TestTargetID = 6164AF642A8254040079B5CA;
					};
				};
			};
			buildConfigurationList = 6164AF602A8254040079B5CA /* Build configuration list for PBXProject "NoteApp" */;
			compatibilityVersion = "Xcode 14.0";
			developmentRegion = en;
			hasScannedForEncodings = 0;
			knownRegions = (
				en,
				Base,
			);
			mainGroup = 6164AF5C2A8254040079B5CA;
			productRefGroup = 6164AF662A8254040079B5CA /* Products */;
			projectDirPath = "";
			projectRoot = "";
			targets = (
				6164AF642A8254040079B5CA /* NoteApp */,
				6164AF742A8254060079B5CA /* NoteAppTests */,
			);
		};
/* End PBXProject section */

/* Begin PBXResourcesBuildPhase section */
		6164AF632A8254040079B5CA /* Resources */ = {
			isa = PBXResourcesBuildPhase;
			buildActionMask = 2147483647;
			files = (
				6164AF702A8254060079B5CA /* Preview Assets.xcassets in Resources */,
				6164AF6D2A8254060079B5CA /* Assets.xcassets in Resources */,
			);
			runOnlyForDeploymentPostprocessing = 0;
		};
		6164AF732A8254060079B5CA /* Resources */ = {
			isa = PBXResourcesBuildPhase;
			buildActionMask = 2147483647;
			files = (
			);
			runOnlyForDeploymentPostprocessing = 0;
		};
/* End PBXResourcesBuildPhase section */

/* Begin PBXSourcesBuildPhase section */
		6164AF612A8254040079B5CA /* Sources */ = {
			isa = PBXSourcesBuildPhase;
			buildActionMask = 2147483647;
			files = (
				6164AF6B2A8254040079B5CA /* ContentView.swift in Sources */,
				6164AFA32A827CD60079B5CA /* URLRequest+Utils.swift in Sources */,
				6164AF9C2A825D7B0079B5CA /* ListNoteCell.swift in Sources */,
				6164AF692A8254040079B5CA /* NoteApp.swift in Sources */,
				6164AFAB2A82AB380079B5CA /* Context.swift in Sources */,
				6164AF9A2A825C7D0079B5CA /* ListView.swift in Sources */,
				6164AFA02A827C630079B5CA /* NetworkManager.swift in Sources */,
				6164AFA82A8281050079B5CA /* NoteResponse.swift in Sources */,
				6164AF942A8256AF0079B5CA /* Note.swift in Sources */,
				6164AF982A82581D0079B5CA /* ContextManager.swift in Sources */,
				6164AF9E2A825E530079B5CA /* NoteDetailView.swift in Sources */,
			);
			runOnlyForDeploymentPostprocessing = 0;
		};
		6164AF712A8254060079B5CA /* Sources */ = {
			isa = PBXSourcesBuildPhase;
			buildActionMask = 2147483647;
			files = (
				6164AF7A2A8254060079B5CA /* NoteAppTests.swift in Sources */,
			);
			runOnlyForDeploymentPostprocessing = 0;
		};
/* End PBXSourcesBuildPhase section */

/* Begin PBXTargetDependency section */
		6164AF772A8254060079B5CA /* PBXTargetDependency */ = {
			isa = PBXTargetDependency;
			target = 6164AF642A8254040079B5CA /* NoteApp */;
			targetProxy = 6164AF762A8254060079B5CA /* PBXContainerItemProxy */;
		};
/* End PBXTargetDependency section */

/* Begin XCBuildConfiguration section */
		6164AF872A8254060079B5CA /* Debug */ = {
			isa = XCBuildConfiguration;
			buildSettings = {
				ALWAYS_SEARCH_USER_PATHS = NO;
				CLANG_ANALYZER_NONNULL = YES;
				CLANG_ANALYZER_NUMBER_OBJECT_CONVERSION = YES_AGGRESSIVE;
				CLANG_CXX_LANGUAGE_STANDARD = "gnu++20";
				CLANG_ENABLE_MODULES = YES;
				CLANG_ENABLE_OBJC_ARC = YES;
				CLANG_ENABLE_OBJC_WEAK = YES;
				CLANG_WARN_BLOCK_CAPTURE_AUTORELEASING = YES;
				CLANG_WARN_BOOL_CONVERSION = YES;
				CLANG_WARN_COMMA = YES;
				CLANG_WARN_CONSTANT_CONVERSION = YES;
				CLANG_WARN_DEPRECATED_OBJC_IMPLEMENTATIONS = YES;
				CLANG_WARN_DIRECT_OBJC_ISA_USAGE = YES_ERROR;
				CLANG_WARN_DOCUMENTATION_COMMENTS = YES;
				CLANG_WARN_EMPTY_BODY = YES;
				CLANG_WARN_ENUM_CONVERSION = YES;
				CLANG_WARN_INFINITE_RECURSION = YES;
				CLANG_WARN_INT_CONVERSION = YES;
				CLANG_WARN_NON_LITERAL_NULL_CONVERSION = YES;
				CLANG_WARN_OBJC_IMPLICIT_RETAIN_SELF = YES;
				CLANG_WARN_OBJC_LITERAL_CONVERSION = YES;
				CLANG_WARN_OBJC_ROOT_CLASS = YES_ERROR;
				CLANG_WARN_QUOTED_INCLUDE_IN_FRAMEWORK_HEADER = YES;
				CLANG_WARN_RANGE_LOOP_ANALYSIS = YES;
				CLANG_WARN_STRICT_PROTOTYPES = YES;
				CLANG_WARN_SUSPICIOUS_MOVE = YES;
				CLANG_WARN_UNGUARDED_AVAILABILITY = YES_AGGRESSIVE;
				CLANG_WARN_UNREACHABLE_CODE = YES;
				CLANG_WARN__DUPLICATE_METHOD_MATCH = YES;
				COPY_PHASE_STRIP = NO;
				DEBUG_INFORMATION_FORMAT = dwarf;
				ENABLE_STRICT_OBJC_MSGSEND = YES;
				ENABLE_TESTABILITY = YES;
				GCC_C_LANGUAGE_STANDARD = gnu11;
				GCC_DYNAMIC_NO_PIC = NO;
				GCC_NO_COMMON_BLOCKS = YES;
				GCC_OPTIMIZATION_LEVEL = 0;
				GCC_PREPROCESSOR_DEFINITIONS = (
					"DEBUG=1",
					"$(inherited)",
				);
				GCC_WARN_64_TO_32_BIT_CONVERSION = YES;
				GCC_WARN_ABOUT_RETURN_TYPE = YES_ERROR;
				GCC_WARN_UNDECLARED_SELECTOR = YES;
				GCC_WARN_UNINITIALIZED_AUTOS = YES_AGGRESSIVE;
				GCC_WARN_UNUSED_FUNCTION = YES;
				GCC_WARN_UNUSED_VARIABLE = YES;
				IPHONEOS_DEPLOYMENT_TARGET = 16.4;
				MTL_ENABLE_DEBUG_INFO = INCLUDE_SOURCE;
				MTL_FAST_MATH = YES;
				ONLY_ACTIVE_ARCH = YES;
				SDKROOT = iphoneos;
				SWIFT_ACTIVE_COMPILATION_CONDITIONS = DEBUG;
				SWIFT_OPTIMIZATION_LEVEL = "-Onone";
			};
			name = Debug;
		};
		6164AF882A8254060079B5CA /* Release */ = {
			isa = XCBuildConfiguration;
			buildSettings = {
				ALWAYS_SEARCH_USER_PATHS = NO;
				CLANG_ANALYZER_NONNULL = YES;
				CLANG_ANALYZER_NUMBER_OBJECT_CONVERSION = YES_AGGRESSIVE;
				CLANG_CXX_LANGUAGE_STANDARD = "gnu++20";
				CLANG_ENABLE_MODULES = YES;
				CLANG_ENABLE_OBJC_ARC = YES;
				CLANG_ENABLE_OBJC_WEAK = YES;
				CLANG_WARN_BLOCK_CAPTURE_AUTORELEASING = YES;
				CLANG_WARN_BOOL_CONVERSION = YES;
				CLANG_WARN_COMMA = YES;
				CLANG_WARN_CONSTANT_CONVERSION = YES;
				CLANG_WARN_DEPRECATED_OBJC_IMPLEMENTATIONS = YES;
				CLANG_WARN_DIRECT_OBJC_ISA_USAGE = YES_ERROR;
				CLANG_WARN_DOCUMENTATION_COMMENTS = YES;
				CLANG_WARN_EMPTY_BODY = YES;
				CLANG_WARN_ENUM_CONVERSION = YES;
				CLANG_WARN_INFINITE_RECURSION = YES;
				CLANG_WARN_INT_CONVERSION = YES;
				CLANG_WARN_NON_LITERAL_NULL_CONVERSION = YES;
				CLANG_WARN_OBJC_IMPLICIT_RETAIN_SELF = YES;
				CLANG_WARN_OBJC_LITERAL_CONVERSION = YES;
				CLANG_WARN_OBJC_ROOT_CLASS = YES_ERROR;
				CLANG_WARN_QUOTED_INCLUDE_IN_FRAMEWORK_HEADER = YES;
				CLANG_WARN_RANGE_LOOP_ANALYSIS = YES;
				CLANG_WARN_STRICT_PROTOTYPES = YES;
				CLANG_WARN_SUSPICIOUS_MOVE = YES;
				CLANG_WARN_UNGUARDED_AVAILABILITY = YES_AGGRESSIVE;
				CLANG_WARN_UNREACHABLE_CODE = YES;
				CLANG_WARN__DUPLICATE_METHOD_MATCH = YES;
				COPY_PHASE_STRIP = NO;
				DEBUG_INFORMATION_FORMAT = "dwarf-with-dsym";
				ENABLE_NS_ASSERTIONS = NO;
				ENABLE_STRICT_OBJC_MSGSEND = YES;
				GCC_C_LANGUAGE_STANDARD = gnu11;
				GCC_NO_COMMON_BLOCKS = YES;
				GCC_WARN_64_TO_32_BIT_CONVERSION = YES;
				GCC_WARN_ABOUT_RETURN_TYPE = YES_ERROR;
				GCC_WARN_UNDECLARED_SELECTOR = YES;
				GCC_WARN_UNINITIALIZED_AUTOS = YES_AGGRESSIVE;
				GCC_WARN_UNUSED_FUNCTION = YES;
				GCC_WARN_UNUSED_VARIABLE = YES;
				IPHONEOS_DEPLOYMENT_TARGET = 16.4;
				MTL_ENABLE_DEBUG_INFO = NO;
				MTL_FAST_MATH = YES;
				SDKROOT = iphoneos;
				SWIFT_COMPILATION_MODE = wholemodule;
				SWIFT_OPTIMIZATION_LEVEL = "-O";
				VALIDATE_PRODUCT = YES;
			};
			name = Release;
		};
		6164AF8A2A8254060079B5CA /* Debug */ = {
			isa = XCBuildConfiguration;
			buildSettings = {
				ASSETCATALOG_COMPILER_APPICON_NAME = AppIcon;
				ASSETCATALOG_COMPILER_GLOBAL_ACCENT_COLOR_NAME = AccentColor;
				CODE_SIGN_STYLE = Automatic;
				CURRENT_PROJECT_VERSION = 1;
				DEVELOPMENT_ASSET_PATHS = "\"NoteApp/Preview Content\"";
				ENABLE_PREVIEWS = YES;
				GENERATE_INFOPLIST_FILE = YES;
				INFOPLIST_KEY_LSApplicationCategoryType = "public.app-category.productivity";
				INFOPLIST_KEY_UIApplicationSceneManifest_Generation = YES;
				INFOPLIST_KEY_UIApplicationSupportsIndirectInputEvents = YES;
				INFOPLIST_KEY_UILaunchScreen_Generation = YES;
				INFOPLIST_KEY_UISupportedInterfaceOrientations_iPad = "UIInterfaceOrientationPortrait UIInterfaceOrientationPortraitUpsideDown UIInterfaceOrientationLandscapeLeft UIInterfaceOrientationLandscapeRight";
				INFOPLIST_KEY_UISupportedInterfaceOrientations_iPhone = "UIInterfaceOrientationPortrait UIInterfaceOrientationLandscapeLeft UIInterfaceOrientationLandscapeRight";
				IPHONEOS_DEPLOYMENT_TARGET = 15;
				LD_RUNPATH_SEARCH_PATHS = (
					"$(inherited)",
					"@executable_path/Frameworks",
				);
				MARKETING_VERSION = 1.0;
				PRODUCT_BUNDLE_IDENTIFIER = com.myApp.NoteApp;
				PRODUCT_NAME = "$(TARGET_NAME)";
				SWIFT_EMIT_LOC_STRINGS = YES;
				SWIFT_VERSION = 5.0;
				TARGETED_DEVICE_FAMILY = "1,2";
			};
			name = Debug;
		};
		6164AF8B2A8254060079B5CA /* Release */ = {
			isa = XCBuildConfiguration;
			buildSettings = {
				ASSETCATALOG_COMPILER_APPICON_NAME = AppIcon;
				ASSETCATALOG_COMPILER_GLOBAL_ACCENT_COLOR_NAME = AccentColor;
				CODE_SIGN_STYLE = Automatic;
				CURRENT_PROJECT_VERSION = 1;
				DEVELOPMENT_ASSET_PATHS = "\"NoteApp/Preview Content\"";
				ENABLE_PREVIEWS = YES;
				GENERATE_INFOPLIST_FILE = YES;
				INFOPLIST_KEY_LSApplicationCategoryType = "public.app-category.productivity";
				INFOPLIST_KEY_UIApplicationSceneManifest_Generation = YES;
				INFOPLIST_KEY_UIApplicationSupportsIndirectInputEvents = YES;
				INFOPLIST_KEY_UILaunchScreen_Generation = YES;
				INFOPLIST_KEY_UISupportedInterfaceOrientations_iPad = "UIInterfaceOrientationPortrait UIInterfaceOrientationPortraitUpsideDown UIInterfaceOrientationLandscapeLeft UIInterfaceOrientationLandscapeRight";
				INFOPLIST_KEY_UISupportedInterfaceOrientations_iPhone = "UIInterfaceOrientationPortrait UIInterfaceOrientationLandscapeLeft UIInterfaceOrientationLandscapeRight";
				IPHONEOS_DEPLOYMENT_TARGET = 15;
				LD_RUNPATH_SEARCH_PATHS = (
					"$(inherited)",
					"@executable_path/Frameworks",
				);
				MARKETING_VERSION = 1.0;
				PRODUCT_BUNDLE_IDENTIFIER = com.myApp.NoteApp;
				PRODUCT_NAME = "$(TARGET_NAME)";
				SWIFT_EMIT_LOC_STRINGS = YES;
				SWIFT_VERSION = 5.0;
				TARGETED_DEVICE_FAMILY = "1,2";
			};
			name = Release;
		};
		6164AF8D2A8254060079B5CA /* Debug */ = {
			isa = XCBuildConfiguration;
			buildSettings = {
				ALWAYS_EMBED_SWIFT_STANDARD_LIBRARIES = YES;
				BUNDLE_LOADER = "$(TEST_HOST)";
				CODE_SIGN_STYLE = Automatic;
				CURRENT_PROJECT_VERSION = 1;
				GENERATE_INFOPLIST_FILE = YES;
				IPHONEOS_DEPLOYMENT_TARGET = 15;
				MARKETING_VERSION = 1.0;
				PRODUCT_BUNDLE_IDENTIFIER = com.myApp.NoteAppTests;
				PRODUCT_NAME = "$(TARGET_NAME)";
				SWIFT_EMIT_LOC_STRINGS = NO;
				SWIFT_VERSION = 5.0;
				TARGETED_DEVICE_FAMILY = "1,2";
				TEST_HOST = "$(BUILT_PRODUCTS_DIR)/NoteApp.app/$(BUNDLE_EXECUTABLE_FOLDER_PATH)/NoteApp";
			};
			name = Debug;
		};
		6164AF8E2A8254060079B5CA /* Release */ = {
			isa = XCBuildConfiguration;
			buildSettings = {
				ALWAYS_EMBED_SWIFT_STANDARD_LIBRARIES = YES;
				BUNDLE_LOADER = "$(TEST_HOST)";
				CODE_SIGN_STYLE = Automatic;
				CURRENT_PROJECT_VERSION = 1;
				GENERATE_INFOPLIST_FILE = YES;
				IPHONEOS_DEPLOYMENT_TARGET = 15;
				MARKETING_VERSION = 1.0;
				PRODUCT_BUNDLE_IDENTIFIER = com.myApp.NoteAppTests;
				PRODUCT_NAME = "$(TARGET_NAME)";
				SWIFT_EMIT_LOC_STRINGS = NO;
				SWIFT_VERSION = 5.0;
				TARGETED_DEVICE_FAMILY = "1,2";
				TEST_HOST = "$(BUILT_PRODUCTS_DIR)/NoteApp.app/$(BUNDLE_EXECUTABLE_FOLDER_PATH)/NoteApp";
			};
			name = Release;
		};
/* End XCBuildConfiguration section */

/* Begin XCConfigurationList section */
		6164AF602A8254040079B5CA /* Build configuration list for PBXProject "NoteApp" */ = {
			isa = XCConfigurationList;
			buildConfigurations = (
				6164AF872A8254060079B5CA /* Debug */,
				6164AF882A8254060079B5CA /* Release */,
			);
			defaultConfigurationIsVisible = 0;
			defaultConfigurationName = Release;
		};
		6164AF892A8254060079B5CA /* Build configuration list for PBXNativeTarget "NoteApp" */ = {
			isa = XCConfigurationList;
			buildConfigurations = (
				6164AF8A2A8254060079B5CA /* Debug */,
				6164AF8B2A8254060079B5CA /* Release */,
			);
			defaultConfigurationIsVisible = 0;
			defaultConfigurationName = Release;
		};
		6164AF8C2A8254060079B5CA /* Build configuration list for PBXNativeTarget "NoteAppTests" */ = {
			isa = XCConfigurationList;
			buildConfigurations = (
				6164AF8D2A8254060079B5CA /* Debug */,
				6164AF8E2A8254060079B5CA /* Release */,
			);
			defaultConfigurationIsVisible = 0;
			defaultConfigurationName = Release;
		};
/* End XCConfigurationList section */
	};
	rootObject = 6164AF5D2A8254040079B5CA /* Project object */;
}
